
Microsoft Visual Studio Solution File, Format Version 12.00
# Visual Studio 2013
VisualStudioVersion = 12.0.40629.0
MinimumVisualStudioVersion = 10.0.40219.1
Project("{FAE04EC0-301F-11D3-BF4B-00C04F79EFBC}") = "VideoLib", "VideoLib\VideoLib.csproj", "{30AB1364-7022-48C4-B6AC-A813FFCBB226}"
EndProject
Project("{2150E333-8FDC-42A3-9474-1A3956D46DE8}") = ".nuget", ".nuget", "{075EAFD7-E9AF-4D3A-B996-1EB865E0A1CC}"
	ProjectSection(SolutionItems) = preProject
		.nuget\packages.config = .nuget\packages.config
	EndProjectSection
EndProject
Global
	GlobalSection(SolutionConfigurationPlatforms) = preSolution
		Debug|Any CPU = Debug|Any CPU
		Release|Any CPU = Release|Any CPU
	EndGlobalSection
	GlobalSection(ProjectConfigurationPlatforms) = postSolution
		{30AB1364-7022-48C4-B6AC-A813FFCBB226}.Debug|Any CPU.ActiveCfg = Debug|Any CPU
		{30AB1364-7022-48C4-B6AC-A813FFCBB226}.Debug|Any CPU.Build.0 = Debug|Any CPU
		{30AB1364-7022-48C4-B6AC-A813FFCBB226}.Release|Any CPU.ActiveCfg = Release|Any CPU
		{30AB1364-7022-48C4-B6AC-A813FFCBB226}.Release|Any CPU.Build.0 = Release|Any CPU
	EndGlobalSection
	GlobalSection(SolutionProperties) = preSolution
		HideSolutionNode = FALSE
	EndGlobalSection
EndGlobal
